
Microsoft Visual Studio Solution File, Format Version 12.00
# Visual Studio Version 17
VisualStudioVersion = 17.4.33122.133
MinimumVisualStudioVersion = 10.0.40219.1
Project("{FAE04EC0-301F-11D3-BF4B-00C04F79EFBC}") = "University", "University\University.csproj", "{13EACBD9-6ABA-4DAE-A4ED-F6E3111A85AF}"
EndProject
Global
	GlobalSection(SolutionConfigurationPlatforms) = preSolution
		Debug|Any CPU = Debug|Any CPU
		Release|Any CPU = Release|Any CPU
	EndGlobalSection
	GlobalSection(ProjectConfigurationPlatforms) = postSolution
		{13EACBD9-6ABA-4DAE-A4ED-F6E3111A85AF}.Debug|Any CPU.ActiveCfg = Debug|Any CPU
		{13EACBD9-6ABA-4DAE-A4ED-F6E3111A85AF}.Debug|Any CPU.Build.0 = Debug|Any CPU
		{13EACBD9-6ABA-4DAE-A4ED-F6E3111A85AF}.Release|Any CPU.ActiveCfg = Release|Any CPU
		{13EACBD9-6ABA-4DAE-A4ED-F6E3111A85AF}.Release|Any CPU.Build.0 = Release|Any CPU
	EndGlobalSection
	GlobalSection(SolutionProperties) = preSolution
		HideSolutionNode = FALSE
	EndGlobalSection
	GlobalSection(ExtensibilityGlobals) = postSolution
		SolutionGuid = {BEB475B7-8527-4591-B781-63C69D8C4D64}
	EndGlobalSection
EndGlobal
