
Microsoft Visual Studio Solution File, Format Version 12.00
# Visual Studio Version 17
VisualStudioVersion = 17.4.33122.133
MinimumVisualStudioVersion = 10.0.40219.1
Project("{9A19103F-16F7-4668-BE54-9A1E7A4F7556}") = "University", "University\University.csproj", "{71EA121A-E691-471D-81BD-0780E2E001DF}"
EndProject
Project("{9A19103F-16F7-4668-BE54-9A1E7A4F7556}") = "UniversityUnitTests", "UniversityUnitTests\UniversityUnitTests.csproj", "{9F046266-7228-4639-A95F-D1508DEE14B0}"
EndProject
Global
	GlobalSection(SolutionConfigurationPlatforms) = preSolution
		Debug|Any CPU = Debug|Any CPU
		Release|Any CPU = Release|Any CPU
	EndGlobalSection
	GlobalSection(ProjectConfigurationPlatforms) = postSolution
		{71EA121A-E691-471D-81BD-0780E2E001DF}.Debug|Any CPU.ActiveCfg = Debug|Any CPU
		{71EA121A-E691-471D-81BD-0780E2E001DF}.Debug|Any CPU.Build.0 = Debug|Any CPU
		{71EA121A-E691-471D-81BD-0780E2E001DF}.Release|Any CPU.ActiveCfg = Release|Any CPU
		{71EA121A-E691-471D-81BD-0780E2E001DF}.Release|Any CPU.Build.0 = Release|Any CPU
		{9F046266-7228-4639-A95F-D1508DEE14B0}.Debug|Any CPU.ActiveCfg = Debug|Any CPU
		{9F046266-7228-4639-A95F-D1508DEE14B0}.Debug|Any CPU.Build.0 = Debug|Any CPU
		{9F046266-7228-4639-A95F-D1508DEE14B0}.Release|Any CPU.ActiveCfg = Release|Any CPU
		{9F046266-7228-4639-A95F-D1508DEE14B0}.Release|Any CPU.Build.0 = Release|Any CPU
	EndGlobalSection
	GlobalSection(SolutionProperties) = preSolution
		HideSolutionNode = FALSE
	EndGlobalSection
	GlobalSection(ExtensibilityGlobals) = postSolution
		SolutionGuid = {BEB475B7-8527-4591-B781-63C69D8C4D64}
	EndGlobalSection
EndGlobal
